// !$*UTF8*$!
{
	archiveVersion = 1;
	classes = {
	};
	objectVersion = 51;
	objects = {

/* Begin PBXBuildFile section */
		28ACEA3EB0E9EC949746C78D /* Pods_ChatApp.framework in Frameworks */ = {isa = PBXBuildFile; fileRef = 00A41EEB192829EFF64BD012 /* Pods_ChatApp.framework */; };
		A5190382261E16900097CA61 /* ConversationTableViewDataSource.swift in Sources */ = {isa = PBXBuildFile; fileRef = A5190381261E16900097CA61 /* ConversationTableViewDataSource.swift */; };
		A51FF246260D0894004BAB8E /* UserModel.swift in Sources */ = {isa = PBXBuildFile; fileRef = A51FF245260D0894004BAB8E /* UserModel.swift */; };
		A51FF249260D08A6004BAB8E /* MessageModel.swift in Sources */ = {isa = PBXBuildFile; fileRef = A51FF248260D08A6004BAB8E /* MessageModel.swift */; };
		A51FF24C260D08DC004BAB8E /* ChannelModel.swift in Sources */ = {isa = PBXBuildFile; fileRef = A51FF24B260D08DC004BAB8E /* ChannelModel.swift */; };
		A51FF250260D090A004BAB8E /* Database.swift in Sources */ = {isa = PBXBuildFile; fileRef = A51FF24F260D090A004BAB8E /* Database.swift */; };
		A51FF253260D0955004BAB8E /* ProfileThemeChanger.swift in Sources */ = {isa = PBXBuildFile; fileRef = A51FF252260D0955004BAB8E /* ProfileThemeChanger.swift */; };
		A53BD0552628F8800031280E /* DataService.swift in Sources */ = {isa = PBXBuildFile; fileRef = A53BD0542628F8800031280E /* DataService.swift */; };
		A53DC609261BC8BD007329DD /* ChannelsTableViewDataSource.swift in Sources */ = {isa = PBXBuildFile; fileRef = A53DC608261BC8BD007329DD /* ChannelsTableViewDataSource.swift */; };
		A5484D4726136E77008AF909 /* Chat.xcdatamodeld in Sources */ = {isa = PBXBuildFile; fileRef = A5484D4526136E77008AF909 /* Chat.xcdatamodeld */; };
		A5484D4B261374C7008AF909 /* CoreDataStack.swift in Sources */ = {isa = PBXBuildFile; fileRef = A5484D4A261374C7008AF909 /* CoreDataStack.swift */; };
		A5484D4E2613766F008AF909 /* ObjectsExtension.swift in Sources */ = {isa = PBXBuildFile; fileRef = A5484D4D2613766F008AF909 /* ObjectsExtension.swift */; };
		A55A16442608D701004749E2 /* GoogleService-Info.plist in Resources */ = {isa = PBXBuildFile; fileRef = A55A16432608D700004749E2 /* GoogleService-Info.plist */; };
		A55F4B6E2616445E00613C1E /* CoreDataService.swift in Sources */ = {isa = PBXBuildFile; fileRef = A55F4B6D2616445E00613C1E /* CoreDataService.swift */; };
		A56F761125FA1BB30080AC1F /* ThemesViewController.swift in Sources */ = {isa = PBXBuildFile; fileRef = A56F761025FA1BB30080AC1F /* ThemesViewController.swift */; };
		A599D8D42600F3410002D3B8 /* GCDSavingManager.swift in Sources */ = {isa = PBXBuildFile; fileRef = A599D8D32600F3410002D3B8 /* GCDSavingManager.swift */; };
		A599D8D72600F3600002D3B8 /* OperationsSavingManager.swift in Sources */ = {isa = PBXBuildFile; fileRef = A599D8D62600F3600002D3B8 /* OperationsSavingManager.swift */; };
		A599D8DC2600F6AC0002D3B8 /* ISavingManager.swift in Sources */ = {isa = PBXBuildFile; fileRef = A599D8DB2600F6AC0002D3B8 /* ISavingManager.swift */; };
		A599D8E02600F9A20002D3B8 /* FileManager.swift in Sources */ = {isa = PBXBuildFile; fileRef = A599D8DF2600F9A20002D3B8 /* FileManager.swift */; };
		A5A5B94325DA85D500F61A26 /* AppDelegate.swift in Sources */ = {isa = PBXBuildFile; fileRef = A5A5B94225DA85D500F61A26 /* AppDelegate.swift */; };
		A5A5B94A25DA85D500F61A26 /* Main.storyboard in Resources */ = {isa = PBXBuildFile; fileRef = A5A5B94825DA85D500F61A26 /* Main.storyboard */; };
		A5A5B94C25DA85D600F61A26 /* Assets.xcassets in Resources */ = {isa = PBXBuildFile; fileRef = A5A5B94B25DA85D600F61A26 /* Assets.xcassets */; };
		A5A5B94F25DA85D600F61A26 /* LaunchScreen.storyboard in Resources */ = {isa = PBXBuildFile; fileRef = A5A5B94D25DA85D600F61A26 /* LaunchScreen.storyboard */; };
		A5AF547926035CE000446B0D /* LaunchViewController.swift in Sources */ = {isa = PBXBuildFile; fileRef = A5AF547826035CE000446B0D /* LaunchViewController.swift */; };
		A5D666EE25F14C9D00FC4AA0 /* ConversationsListViewController.swift in Sources */ = {isa = PBXBuildFile; fileRef = A5D666ED25F14C9D00FC4AA0 /* ConversationsListViewController.swift */; };
		A5D666F225F14F4900FC4AA0 /* ConversationTableViewCell.swift in Sources */ = {isa = PBXBuildFile; fileRef = A5D666F025F14F4900FC4AA0 /* ConversationTableViewCell.swift */; };
		A5D666F325F14F4900FC4AA0 /* ConversationTableViewCell.xib in Resources */ = {isa = PBXBuildFile; fileRef = A5D666F125F14F4900FC4AA0 /* ConversationTableViewCell.xib */; };
		A5D666F825F197BC00FC4AA0 /* ConversationViewController.swift in Sources */ = {isa = PBXBuildFile; fileRef = A5D666F725F197BC00FC4AA0 /* ConversationViewController.swift */; };
		A5D666FC25F19BC300FC4AA0 /* MessageTableViewCell.swift in Sources */ = {isa = PBXBuildFile; fileRef = A5D666FA25F19BC300FC4AA0 /* MessageTableViewCell.swift */; };
		A5D666FD25F19BC300FC4AA0 /* MessageTableViewCell.xib in Resources */ = {isa = PBXBuildFile; fileRef = A5D666FB25F19BC300FC4AA0 /* MessageTableViewCell.xib */; };
		A5E83451260D536B001975EC /* SavingService.swift in Sources */ = {isa = PBXBuildFile; fileRef = A5E83450260D536B001975EC /* SavingService.swift */; };
		A5E83454260D55D8001975EC /* ImagePickerManager.swift in Sources */ = {isa = PBXBuildFile; fileRef = A5E83453260D55D8001975EC /* ImagePickerManager.swift */; };
		A5F84F0025E6EB4000ED2490 /* ProfileViewController.swift in Sources */ = {isa = PBXBuildFile; fileRef = A5F84EFF25E6EB4000ED2490 /* ProfileViewController.swift */; };
		A5FCE1AE26292C3A0011FCE5 /* Alerts.swift in Sources */ = {isa = PBXBuildFile; fileRef = A5FCE1AD26292C3A0011FCE5 /* Alerts.swift */; };
/* End PBXBuildFile section */

/* Begin PBXFileReference section */
		00A41EEB192829EFF64BD012 /* Pods_ChatApp.framework */ = {isa = PBXFileReference; explicitFileType = wrapper.framework; includeInIndex = 0; path = Pods_ChatApp.framework; sourceTree = BUILT_PRODUCTS_DIR; };
		0294211437A3180C4DC43F1F /* Pods-ChatApp.release.xcconfig */ = {isa = PBXFileReference; includeInIndex = 1; lastKnownFileType = text.xcconfig; name = "Pods-ChatApp.release.xcconfig"; path = "Target Support Files/Pods-ChatApp/Pods-ChatApp.release.xcconfig"; sourceTree = "<group>"; };
		8F735FE4C435B1211CF7DA1E /* Pods-ChatApp.debug.xcconfig */ = {isa = PBXFileReference; includeInIndex = 1; lastKnownFileType = text.xcconfig; name = "Pods-ChatApp.debug.xcconfig"; path = "Target Support Files/Pods-ChatApp/Pods-ChatApp.debug.xcconfig"; sourceTree = "<group>"; };
		A5190381261E16900097CA61 /* ConversationTableViewDataSource.swift */ = {isa = PBXFileReference; lastKnownFileType = sourcecode.swift; path = ConversationTableViewDataSource.swift; sourceTree = "<group>"; };
		A51FF245260D0894004BAB8E /* UserModel.swift */ = {isa = PBXFileReference; lastKnownFileType = sourcecode.swift; path = UserModel.swift; sourceTree = "<group>"; };
		A51FF248260D08A6004BAB8E /* MessageModel.swift */ = {isa = PBXFileReference; lastKnownFileType = sourcecode.swift; path = MessageModel.swift; sourceTree = "<group>"; };
		A51FF24B260D08DC004BAB8E /* ChannelModel.swift */ = {isa = PBXFileReference; lastKnownFileType = sourcecode.swift; path = ChannelModel.swift; sourceTree = "<group>"; };
		A51FF24F260D090A004BAB8E /* Database.swift */ = {isa = PBXFileReference; lastKnownFileType = sourcecode.swift; path = Database.swift; sourceTree = "<group>"; };
		A51FF252260D0955004BAB8E /* ProfileThemeChanger.swift */ = {isa = PBXFileReference; lastKnownFileType = sourcecode.swift; path = ProfileThemeChanger.swift; sourceTree = "<group>"; };
		A53BD0542628F8800031280E /* DataService.swift */ = {isa = PBXFileReference; lastKnownFileType = sourcecode.swift; path = DataService.swift; sourceTree = "<group>"; };
		A53DC608261BC8BD007329DD /* ChannelsTableViewDataSource.swift */ = {isa = PBXFileReference; lastKnownFileType = sourcecode.swift; path = ChannelsTableViewDataSource.swift; sourceTree = "<group>"; };
		A5484D4626136E77008AF909 /* Chat.xcdatamodel */ = {isa = PBXFileReference; lastKnownFileType = wrapper.xcdatamodel; path = Chat.xcdatamodel; sourceTree = "<group>"; };
		A5484D4A261374C7008AF909 /* CoreDataStack.swift */ = {isa = PBXFileReference; lastKnownFileType = sourcecode.swift; path = CoreDataStack.swift; sourceTree = "<group>"; };
		A5484D4D2613766F008AF909 /* ObjectsExtension.swift */ = {isa = PBXFileReference; lastKnownFileType = sourcecode.swift; path = ObjectsExtension.swift; sourceTree = "<group>"; };
		A55A16432608D700004749E2 /* GoogleService-Info.plist */ = {isa = PBXFileReference; fileEncoding = 4; lastKnownFileType = text.plist.xml; path = "GoogleService-Info.plist"; sourceTree = "<group>"; };
		A55F4B6D2616445E00613C1E /* CoreDataService.swift */ = {isa = PBXFileReference; lastKnownFileType = sourcecode.swift; name = CoreDataService.swift; path = "../Core Layer/DataAccessLayer/CoreData/CoreDataService.swift"; sourceTree = "<group>"; };
		A56F761025FA1BB30080AC1F /* ThemesViewController.swift */ = {isa = PBXFileReference; lastKnownFileType = sourcecode.swift; path = ThemesViewController.swift; sourceTree = "<group>"; };
		A599D8D32600F3410002D3B8 /* GCDSavingManager.swift */ = {isa = PBXFileReference; lastKnownFileType = sourcecode.swift; path = GCDSavingManager.swift; sourceTree = "<group>"; };
		A599D8D62600F3600002D3B8 /* OperationsSavingManager.swift */ = {isa = PBXFileReference; lastKnownFileType = sourcecode.swift; path = OperationsSavingManager.swift; sourceTree = "<group>"; };
		A599D8DB2600F6AC0002D3B8 /* ISavingManager.swift */ = {isa = PBXFileReference; lastKnownFileType = sourcecode.swift; path = ISavingManager.swift; sourceTree = "<group>"; };
		A599D8DF2600F9A20002D3B8 /* FileManager.swift */ = {isa = PBXFileReference; lastKnownFileType = sourcecode.swift; path = FileManager.swift; sourceTree = "<group>"; };
		A5A5B93F25DA85D500F61A26 /* ChatApp.app */ = {isa = PBXFileReference; explicitFileType = wrapper.application; includeInIndex = 0; path = ChatApp.app; sourceTree = BUILT_PRODUCTS_DIR; };
		A5A5B94225DA85D500F61A26 /* AppDelegate.swift */ = {isa = PBXFileReference; lastKnownFileType = sourcecode.swift; path = AppDelegate.swift; sourceTree = "<group>"; };
		A5A5B94925DA85D500F61A26 /* Base */ = {isa = PBXFileReference; lastKnownFileType = file.storyboard; name = Base; path = Base.lproj/Main.storyboard; sourceTree = "<group>"; };
		A5A5B94B25DA85D600F61A26 /* Assets.xcassets */ = {isa = PBXFileReference; lastKnownFileType = folder.assetcatalog; path = Assets.xcassets; sourceTree = "<group>"; };
		A5A5B94E25DA85D600F61A26 /* Base */ = {isa = PBXFileReference; lastKnownFileType = file.storyboard; name = Base; path = Base.lproj/LaunchScreen.storyboard; sourceTree = "<group>"; };
		A5A5B95025DA85D600F61A26 /* Info.plist */ = {isa = PBXFileReference; lastKnownFileType = text.plist.xml; path = Info.plist; sourceTree = "<group>"; };
		A5AF547826035CE000446B0D /* LaunchViewController.swift */ = {isa = PBXFileReference; lastKnownFileType = sourcecode.swift; path = LaunchViewController.swift; sourceTree = "<group>"; };
		A5D666ED25F14C9D00FC4AA0 /* ConversationsListViewController.swift */ = {isa = PBXFileReference; lastKnownFileType = sourcecode.swift; path = ConversationsListViewController.swift; sourceTree = "<group>"; };
		A5D666F025F14F4900FC4AA0 /* ConversationTableViewCell.swift */ = {isa = PBXFileReference; lastKnownFileType = sourcecode.swift; path = ConversationTableViewCell.swift; sourceTree = "<group>"; };
		A5D666F125F14F4900FC4AA0 /* ConversationTableViewCell.xib */ = {isa = PBXFileReference; lastKnownFileType = file.xib; path = ConversationTableViewCell.xib; sourceTree = "<group>"; };
		A5D666F725F197BC00FC4AA0 /* ConversationViewController.swift */ = {isa = PBXFileReference; lastKnownFileType = sourcecode.swift; path = ConversationViewController.swift; sourceTree = "<group>"; };
		A5D666FA25F19BC300FC4AA0 /* MessageTableViewCell.swift */ = {isa = PBXFileReference; lastKnownFileType = sourcecode.swift; path = MessageTableViewCell.swift; sourceTree = "<group>"; };
		A5D666FB25F19BC300FC4AA0 /* MessageTableViewCell.xib */ = {isa = PBXFileReference; lastKnownFileType = file.xib; path = MessageTableViewCell.xib; sourceTree = "<group>"; };
		A5E83450260D536B001975EC /* SavingService.swift */ = {isa = PBXFileReference; lastKnownFileType = sourcecode.swift; path = SavingService.swift; sourceTree = "<group>"; };
		A5E83453260D55D8001975EC /* ImagePickerManager.swift */ = {isa = PBXFileReference; lastKnownFileType = sourcecode.swift; path = ImagePickerManager.swift; sourceTree = "<group>"; };
		A5F84EFF25E6EB4000ED2490 /* ProfileViewController.swift */ = {isa = PBXFileReference; lastKnownFileType = sourcecode.swift; path = ProfileViewController.swift; sourceTree = "<group>"; };
		A5FCE1AD26292C3A0011FCE5 /* Alerts.swift */ = {isa = PBXFileReference; lastKnownFileType = sourcecode.swift; path = Alerts.swift; sourceTree = "<group>"; };
/* End PBXFileReference section */

/* Begin PBXFrameworksBuildPhase section */
		A5A5B93C25DA85D500F61A26 /* Frameworks */ = {
			isa = PBXFrameworksBuildPhase;
			buildActionMask = 2147483647;
			files = (
				28ACEA3EB0E9EC949746C78D /* Pods_ChatApp.framework in Frameworks */,
			);
			runOnlyForDeploymentPostprocessing = 0;
		};
/* End PBXFrameworksBuildPhase section */

/* Begin PBXGroup section */
		0FC2A24FED29C5A01F836668 /* Frameworks */ = {
			isa = PBXGroup;
			children = (
				00A41EEB192829EFF64BD012 /* Pods_ChatApp.framework */,
			);
			name = Frameworks;
			sourceTree = "<group>";
		};
		7EA3080E0D788BF49C657766 /* Pods */ = {
			isa = PBXGroup;
			children = (
				8F735FE4C435B1211CF7DA1E /* Pods-ChatApp.debug.xcconfig */,
				0294211437A3180C4DC43F1F /* Pods-ChatApp.release.xcconfig */,
			);
			path = Pods;
			sourceTree = "<group>";
		};
		A50AA553261CFF0C0078295C /* TableView */ = {
			isa = PBXGroup;
			children = (
				A53DC608261BC8BD007329DD /* ChannelsTableViewDataSource.swift */,
				A5D666F025F14F4900FC4AA0 /* ConversationTableViewCell.swift */,
			);
			path = TableView;
			sourceTree = "<group>";
		};
		A519037F261E166F0097CA61 /* TableView */ = {
			isa = PBXGroup;
			children = (
				A5190381261E16900097CA61 /* ConversationTableViewDataSource.swift */,
				A5D666FA25F19BC300FC4AA0 /* MessageTableViewCell.swift */,
			);
			path = TableView;
			sourceTree = "<group>";
		};
		A51FF244260D0887004BAB8E /* Models */ = {
			isa = PBXGroup;
			children = (
				A51FF245260D0894004BAB8E /* UserModel.swift */,
				A51FF248260D08A6004BAB8E /* MessageModel.swift */,
				A51FF24B260D08DC004BAB8E /* ChannelModel.swift */,
			);
			path = Models;
			sourceTree = "<group>";
		};
		A51FF24E260D08FC004BAB8E /* Firebase */ = {
			isa = PBXGroup;
			children = (
				A51FF24F260D090A004BAB8E /* Database.swift */,
			);
			name = Firebase;
			path = DataAccessLayer/CoreData/Firebase;
			sourceTree = "<group>";
		};
		A51FF256260D09F9004BAB8E /* Profile */ = {
			isa = PBXGroup;
			children = (
				A557B6032628F23F000DEB51 /* Controller */,
				A557B6052628F25D000DEB51 /* Model */,
			);
			path = Profile;
			sourceTree = "<group>";
		};
		A53BD05D26290C680031280E /* Model */ = {
			isa = PBXGroup;
			children = (
			);
			path = Model;
			sourceTree = "<group>";
		};
		A5484D4426136E60008AF909 /* CoreData */ = {
			isa = PBXGroup;
			children = (
				A5484D4526136E77008AF909 /* Chat.xcdatamodeld */,
				A5484D4D2613766F008AF909 /* ObjectsExtension.swift */,
				A5484D4A261374C7008AF909 /* CoreDataStack.swift */,
			);
			name = CoreData;
			path = DataAccessLayer/CoreData;
			sourceTree = "<group>";
		};
		A557B5FD2628EFB5000DEB51 /* Presentation Layer */ = {
			isa = PBXGroup;
			children = (
				A557B61A2628F30C000DEB51 /* LaunchScreen */,
				A51FF256260D09F9004BAB8E /* Profile */,
				A56F761525FA1D510080AC1F /* ListOfConversations */,
				A56F761325FA1D3A0080AC1F /* Conversation */,
				A557B60F2628F2CB000DEB51 /* ThemeChange */,
				A55F4B5F2616413900613C1E /* Storyboards */,
			);
			path = "Presentation Layer";
			sourceTree = "<group>";
		};
		A557B5FE2628F024000DEB51 /* Core Layer */ = {
			isa = PBXGroup;
			children = (
				A51FF24E260D08FC004BAB8E /* Firebase */,
				A599D8DF2600F9A20002D3B8 /* FileManager.swift */,
				A5484D4426136E60008AF909 /* CoreData */,
			);
			path = "Core Layer";
			sourceTree = "<group>";
		};
		A557B6002628F10E000DEB51 /* Service Layer */ = {
			isa = PBXGroup;
			children = (
				A599D8D92600F5F40002D3B8 /* SavingServices */,
				A53BD0542628F8800031280E /* DataService.swift */,
				A55F4B6D2616445E00613C1E /* CoreDataService.swift */,
			);
			path = "Service Layer";
			sourceTree = "<group>";
		};
		A557B6032628F23F000DEB51 /* Controller */ = {
			isa = PBXGroup;
			children = (
				A5F84EFF25E6EB4000ED2490 /* ProfileViewController.swift */,
			);
			path = Controller;
			sourceTree = "<group>";
		};
		A557B6052628F25D000DEB51 /* Model */ = {
			isa = PBXGroup;
			children = (
				A5E83450260D536B001975EC /* SavingService.swift */,
				A51FF252260D0955004BAB8E /* ProfileThemeChanger.swift */,
				A5E83453260D55D8001975EC /* ImagePickerManager.swift */,
				A5FCE1AD26292C3A0011FCE5 /* Alerts.swift */,
			);
			path = Model;
			sourceTree = "<group>";
		};
		A557B6072628F26C000DEB51 /* Controller */ = {
			isa = PBXGroup;
			children = (
				A5D666ED25F14C9D00FC4AA0 /* ConversationsListViewController.swift */,
			);
			path = Controller;
			sourceTree = "<group>";
		};
		A557B6092628F281000DEB51 /* View */ = {
			isa = PBXGroup;
			children = (
				A5D666F125F14F4900FC4AA0 /* ConversationTableViewCell.xib */,
			);
			path = View;
			sourceTree = "<group>";
		};
		A557B60A2628F29F000DEB51 /* Controller */ = {
			isa = PBXGroup;
			children = (
				A5D666F725F197BC00FC4AA0 /* ConversationViewController.swift */,
			);
			path = Controller;
			sourceTree = "<group>";
		};
		A557B60C2628F2AE000DEB51 /* View */ = {
			isa = PBXGroup;
			children = (
				A5D666FB25F19BC300FC4AA0 /* MessageTableViewCell.xib */,
			);
			path = View;
			sourceTree = "<group>";
		};
		A557B60D2628F2BA000DEB51 /* Model */ = {
			isa = PBXGroup;
			children = (
				A519037F261E166F0097CA61 /* TableView */,
			);
			path = Model;
			sourceTree = "<group>";
		};
		A557B60F2628F2CB000DEB51 /* ThemeChange */ = {
			isa = PBXGroup;
			children = (
				A557B6192628F2EA000DEB51 /* Model */,
				A557B6172628F2E3000DEB51 /* View */,
				A557B6122628F2D8000DEB51 /* Controller */,
			);
			path = ThemeChange;
			sourceTree = "<group>";
		};
		A557B6122628F2D8000DEB51 /* Controller */ = {
			isa = PBXGroup;
			children = (
				A56F761025FA1BB30080AC1F /* ThemesViewController.swift */,
			);
			path = Controller;
			sourceTree = "<group>";
		};
		A557B6172628F2E3000DEB51 /* View */ = {
			isa = PBXGroup;
			children = (
			);
			path = View;
			sourceTree = "<group>";
		};
		A557B6192628F2EA000DEB51 /* Model */ = {
			isa = PBXGroup;
			children = (
			);
			path = Model;
			sourceTree = "<group>";
		};
		A557B61A2628F30C000DEB51 /* LaunchScreen */ = {
			isa = PBXGroup;
			children = (
				A53BD05D26290C680031280E /* Model */,
				A557B61C2628F319000DEB51 /* Controller */,
				A557B61F2628F31E000DEB51 /* View */,
			);
			path = LaunchScreen;
			sourceTree = "<group>";
		};
		A557B61C2628F319000DEB51 /* Controller */ = {
			isa = PBXGroup;
			children = (
				A5AF547826035CE000446B0D /* LaunchViewController.swift */,
			);
			path = Controller;
			sourceTree = "<group>";
		};
		A557B61F2628F31E000DEB51 /* View */ = {
			isa = PBXGroup;
			children = (
				A5A5B94D25DA85D600F61A26 /* LaunchScreen.storyboard */,
			);
			path = View;
			sourceTree = "<group>";
		};
		A55F4B5F2616413900613C1E /* Storyboards */ = {
			isa = PBXGroup;
			children = (
				A5A5B94825DA85D500F61A26 /* Main.storyboard */,
			);
			path = Storyboards;
			sourceTree = "<group>";
		};
		A56F761325FA1D3A0080AC1F /* Conversation */ = {
			isa = PBXGroup;
			children = (
				A557B60C2628F2AE000DEB51 /* View */,
				A557B60A2628F29F000DEB51 /* Controller */,
				A557B60D2628F2BA000DEB51 /* Model */,
			);
			path = Conversation;
			sourceTree = "<group>";
		};
		A56F761525FA1D510080AC1F /* ListOfConversations */ = {
			isa = PBXGroup;
			children = (
				A557B6092628F281000DEB51 /* View */,
				A557B6072628F26C000DEB51 /* Controller */,
				A50AA553261CFF0C0078295C /* TableView */,
			);
			path = ListOfConversations;
			sourceTree = "<group>";
		};
		A599D8D92600F5F40002D3B8 /* SavingServices */ = {
			isa = PBXGroup;
			children = (
				A599D8DB2600F6AC0002D3B8 /* ISavingManager.swift */,
				A599D8D32600F3410002D3B8 /* GCDSavingManager.swift */,
				A599D8D62600F3600002D3B8 /* OperationsSavingManager.swift */,
			);
			path = SavingServices;
			sourceTree = "<group>";
		};
		A5A5B93625DA85D500F61A26 = {
			isa = PBXGroup;
			children = (
				A5A5B94125DA85D500F61A26 /* ChatApp */,
				A5A5B94025DA85D500F61A26 /* Products */,
				7EA3080E0D788BF49C657766 /* Pods */,
				0FC2A24FED29C5A01F836668 /* Frameworks */,
			);
			sourceTree = "<group>";
		};
		A5A5B94025DA85D500F61A26 /* Products */ = {
			isa = PBXGroup;
			children = (
				A5A5B93F25DA85D500F61A26 /* ChatApp.app */,
			);
			name = Products;
			sourceTree = "<group>";
		};
		A5A5B94125DA85D500F61A26 /* ChatApp */ = {
			isa = PBXGroup;
			children = (
				A557B5FE2628F024000DEB51 /* Core Layer */,
				A51FF244260D0887004BAB8E /* Models */,
				A557B6002628F10E000DEB51 /* Service Layer */,
				A557B5FD2628EFB5000DEB51 /* Presentation Layer */,
				A5A5B94225DA85D500F61A26 /* AppDelegate.swift */,
				A5A5B94B25DA85D600F61A26 /* Assets.xcassets */,
				A55A16432608D700004749E2 /* GoogleService-Info.plist */,
				A5A5B95025DA85D600F61A26 /* Info.plist */,
			);
			path = ChatApp;
			sourceTree = "<group>";
		};
/* End PBXGroup section */

/* Begin PBXNativeTarget section */
		A5A5B93E25DA85D500F61A26 /* ChatApp */ = {
			isa = PBXNativeTarget;
			buildConfigurationList = A5A5B95325DA85D600F61A26 /* Build configuration list for PBXNativeTarget "ChatApp" */;
			buildPhases = (
				542D337A46025482906C4837 /* [CP] Check Pods Manifest.lock */,
				A5A5B93B25DA85D500F61A26 /* Sources */,
				A5A5B93C25DA85D500F61A26 /* Frameworks */,
				A5A5B93D25DA85D500F61A26 /* Resources */,
				4A9EE43F45D13E105FC3FE3A /* [CP] Embed Pods Frameworks */,
				A55EE6DF260ABBD400CE6D9C /* ShellScript */,
			);
			buildRules = (
			);
			dependencies = (
			);
			name = ChatApp;
			productName = ChatApp;
			productReference = A5A5B93F25DA85D500F61A26 /* ChatApp.app */;
			productType = "com.apple.product-type.application";
		};
/* End PBXNativeTarget section */

/* Begin PBXProject section */
		A5A5B93725DA85D500F61A26 /* Project object */ = {
			isa = PBXProject;
			attributes = {
				LastSwiftUpdateCheck = 1230;
				LastUpgradeCheck = 1230;
				TargetAttributes = {
					A5A5B93E25DA85D500F61A26 = {
						CreatedOnToolsVersion = 12.3;
					};
				};
			};
			buildConfigurationList = A5A5B93A25DA85D500F61A26 /* Build configuration list for PBXProject "ChatApp" */;
			compatibilityVersion = "Xcode 9.3";
			developmentRegion = en;
			hasScannedForEncodings = 0;
			knownRegions = (
				en,
				Base,
			);
			mainGroup = A5A5B93625DA85D500F61A26;
			productRefGroup = A5A5B94025DA85D500F61A26 /* Products */;
			projectDirPath = "";
			projectRoot = "";
			targets = (
				A5A5B93E25DA85D500F61A26 /* ChatApp */,
			);
		};
/* End PBXProject section */

/* Begin PBXResourcesBuildPhase section */
		A5A5B93D25DA85D500F61A26 /* Resources */ = {
			isa = PBXResourcesBuildPhase;
			buildActionMask = 2147483647;
			files = (
				A5D666F325F14F4900FC4AA0 /* ConversationTableViewCell.xib in Resources */,
				A5A5B94F25DA85D600F61A26 /* LaunchScreen.storyboard in Resources */,
				A5D666FD25F19BC300FC4AA0 /* MessageTableViewCell.xib in Resources */,
				A55A16442608D701004749E2 /* GoogleService-Info.plist in Resources */,
				A5A5B94C25DA85D600F61A26 /* Assets.xcassets in Resources */,
				A5A5B94A25DA85D500F61A26 /* Main.storyboard in Resources */,
			);
			runOnlyForDeploymentPostprocessing = 0;
		};
/* End PBXResourcesBuildPhase section */

/* Begin PBXShellScriptBuildPhase section */
		4A9EE43F45D13E105FC3FE3A /* [CP] Embed Pods Frameworks */ = {
			isa = PBXShellScriptBuildPhase;
			buildActionMask = 2147483647;
			files = (
			);
			inputFileListPaths = (
				"${PODS_ROOT}/Target Support Files/Pods-ChatApp/Pods-ChatApp-frameworks-${CONFIGURATION}-input-files.xcfilelist",
			);
			name = "[CP] Embed Pods Frameworks";
			outputFileListPaths = (
				"${PODS_ROOT}/Target Support Files/Pods-ChatApp/Pods-ChatApp-frameworks-${CONFIGURATION}-output-files.xcfilelist",
			);
			runOnlyForDeploymentPostprocessing = 0;
			shellPath = /bin/sh;
			shellScript = "\"${PODS_ROOT}/Target Support Files/Pods-ChatApp/Pods-ChatApp-frameworks.sh\"\n";
			showEnvVarsInLog = 0;
		};
		542D337A46025482906C4837 /* [CP] Check Pods Manifest.lock */ = {
			isa = PBXShellScriptBuildPhase;
			buildActionMask = 2147483647;
			files = (
			);
			inputFileListPaths = (
			);
			inputPaths = (
				"${PODS_PODFILE_DIR_PATH}/Podfile.lock",
				"${PODS_ROOT}/Manifest.lock",
			);
			name = "[CP] Check Pods Manifest.lock";
			outputFileListPaths = (
			);
			outputPaths = (
				"$(DERIVED_FILE_DIR)/Pods-ChatApp-checkManifestLockResult.txt",
			);
			runOnlyForDeploymentPostprocessing = 0;
			shellPath = /bin/sh;
			shellScript = "diff \"${PODS_PODFILE_DIR_PATH}/Podfile.lock\" \"${PODS_ROOT}/Manifest.lock\" > /dev/null\nif [ $? != 0 ] ; then\n    # print error to STDERR\n    echo \"error: The sandbox is not in sync with the Podfile.lock. Run 'pod install' or update your CocoaPods installation.\" >&2\n    exit 1\nfi\n# This output is used by Xcode 'outputs' to avoid re-running this script phase.\necho \"SUCCESS\" > \"${SCRIPT_OUTPUT_FILE_0}\"\n";
			showEnvVarsInLog = 0;
		};
		A55EE6DF260ABBD400CE6D9C /* ShellScript */ = {
			isa = PBXShellScriptBuildPhase;
			buildActionMask = 2147483647;
			files = (
			);
			inputFileListPaths = (
			);
			inputPaths = (
			);
			outputFileListPaths = (
			);
			outputPaths = (
			);
			runOnlyForDeploymentPostprocessing = 0;
			shellPath = /bin/sh;
			shellScript = "if which \"${PODS_ROOT}/SwiftLint/swiftlint\" >/dev/null; then\n  \"${PODS_ROOT}/SwiftLint/swiftlint\"\nelse\n  echo \"warning: SwiftLint not installed, download from https://github.com/realm/SwiftLint\"\nfi\n";
		};
/* End PBXShellScriptBuildPhase section */

/* Begin PBXSourcesBuildPhase section */
		A5A5B93B25DA85D500F61A26 /* Sources */ = {
			isa = PBXSourcesBuildPhase;
			buildActionMask = 2147483647;
			files = (
				A5484D4B261374C7008AF909 /* CoreDataStack.swift in Sources */,
				A5D666F225F14F4900FC4AA0 /* ConversationTableViewCell.swift in Sources */,
				A5484D4726136E77008AF909 /* Chat.xcdatamodeld in Sources */,
				A5F84F0025E6EB4000ED2490 /* ProfileViewController.swift in Sources */,
				A599D8D42600F3410002D3B8 /* GCDSavingManager.swift in Sources */,
				A599D8D72600F3600002D3B8 /* OperationsSavingManager.swift in Sources */,
				A5484D4E2613766F008AF909 /* ObjectsExtension.swift in Sources */,
				A599D8E02600F9A20002D3B8 /* FileManager.swift in Sources */,
				A51FF246260D0894004BAB8E /* UserModel.swift in Sources */,
				A5D666F825F197BC00FC4AA0 /* ConversationViewController.swift in Sources */,
				A51FF24C260D08DC004BAB8E /* ChannelModel.swift in Sources */,
				A599D8DC2600F6AC0002D3B8 /* ISavingManager.swift in Sources */,
				A51FF253260D0955004BAB8E /* ProfileThemeChanger.swift in Sources */,
				A5AF547926035CE000446B0D /* LaunchViewController.swift in Sources */,
				A51FF249260D08A6004BAB8E /* MessageModel.swift in Sources */,
				A5A5B94325DA85D500F61A26 /* AppDelegate.swift in Sources */,
				A5FCE1AE26292C3A0011FCE5 /* Alerts.swift in Sources */,
				A5E83454260D55D8001975EC /* ImagePickerManager.swift in Sources */,
				A5190382261E16900097CA61 /* ConversationTableViewDataSource.swift in Sources */,
				A5D666EE25F14C9D00FC4AA0 /* ConversationsListViewController.swift in Sources */,
				A53DC609261BC8BD007329DD /* ChannelsTableViewDataSource.swift in Sources */,
				A5D666FC25F19BC300FC4AA0 /* MessageTableViewCell.swift in Sources */,
				A51FF250260D090A004BAB8E /* Database.swift in Sources */,
				A53BD0552628F8800031280E /* DataService.swift in Sources */,
				A56F761125FA1BB30080AC1F /* ThemesViewController.swift in Sources */,
				A55F4B6E2616445E00613C1E /* CoreDataService.swift in Sources */,
				A5E83451260D536B001975EC /* SavingService.swift in Sources */,
			);
			runOnlyForDeploymentPostprocessing = 0;
		};
/* End PBXSourcesBuildPhase section */

/* Begin PBXVariantGroup section */
		A5A5B94825DA85D500F61A26 /* Main.storyboard */ = {
			isa = PBXVariantGroup;
			children = (
				A5A5B94925DA85D500F61A26 /* Base */,
			);
			name = Main.storyboard;
			sourceTree = "<group>";
		};
		A5A5B94D25DA85D600F61A26 /* LaunchScreen.storyboard */ = {
			isa = PBXVariantGroup;
			children = (
				A5A5B94E25DA85D600F61A26 /* Base */,
			);
			name = LaunchScreen.storyboard;
			sourceTree = "<group>";
		};
/* End PBXVariantGroup section */

/* Begin XCBuildConfiguration section */
		A5A5B95125DA85D600F61A26 /* Debug */ = {
			isa = XCBuildConfiguration;
			buildSettings = {
				ALWAYS_SEARCH_USER_PATHS = NO;
				CLANG_ANALYZER_NONNULL = YES;
				CLANG_ANALYZER_NUMBER_OBJECT_CONVERSION = YES_AGGRESSIVE;
				CLANG_CXX_LANGUAGE_STANDARD = "gnu++14";
				CLANG_CXX_LIBRARY = "libc++";
				CLANG_ENABLE_MODULES = YES;
				CLANG_ENABLE_OBJC_ARC = YES;
				CLANG_ENABLE_OBJC_WEAK = YES;
				CLANG_WARN_BLOCK_CAPTURE_AUTORELEASING = YES;
				CLANG_WARN_BOOL_CONVERSION = YES;
				CLANG_WARN_COMMA = YES;
				CLANG_WARN_CONSTANT_CONVERSION = YES;
				CLANG_WARN_DEPRECATED_OBJC_IMPLEMENTATIONS = YES;
				CLANG_WARN_DIRECT_OBJC_ISA_USAGE = YES_ERROR;
				CLANG_WARN_DOCUMENTATION_COMMENTS = YES;
				CLANG_WARN_EMPTY_BODY = YES;
				CLANG_WARN_ENUM_CONVERSION = YES;
				CLANG_WARN_INFINITE_RECURSION = YES;
				CLANG_WARN_INT_CONVERSION = YES;
				CLANG_WARN_NON_LITERAL_NULL_CONVERSION = YES;
				CLANG_WARN_OBJC_IMPLICIT_RETAIN_SELF = YES;
				CLANG_WARN_OBJC_LITERAL_CONVERSION = YES;
				CLANG_WARN_OBJC_ROOT_CLASS = YES_ERROR;
				CLANG_WARN_QUOTED_INCLUDE_IN_FRAMEWORK_HEADER = YES;
				CLANG_WARN_RANGE_LOOP_ANALYSIS = YES;
				CLANG_WARN_STRICT_PROTOTYPES = YES;
				CLANG_WARN_SUSPICIOUS_MOVE = YES;
				CLANG_WARN_UNGUARDED_AVAILABILITY = YES_AGGRESSIVE;
				CLANG_WARN_UNREACHABLE_CODE = YES;
				CLANG_WARN__DUPLICATE_METHOD_MATCH = YES;
				COPY_PHASE_STRIP = NO;
				DEBUG_INFORMATION_FORMAT = dwarf;
				ENABLE_STRICT_OBJC_MSGSEND = YES;
				ENABLE_TESTABILITY = YES;
				GCC_C_LANGUAGE_STANDARD = gnu11;
				GCC_DYNAMIC_NO_PIC = NO;
				GCC_NO_COMMON_BLOCKS = YES;
				GCC_OPTIMIZATION_LEVEL = 0;
				GCC_PREPROCESSOR_DEFINITIONS = (
					"DEBUG=1",
					"$(inherited)",
				);
				GCC_WARN_64_TO_32_BIT_CONVERSION = YES;
				GCC_WARN_ABOUT_RETURN_TYPE = YES_ERROR;
				GCC_WARN_UNDECLARED_SELECTOR = YES;
				GCC_WARN_UNINITIALIZED_AUTOS = YES_AGGRESSIVE;
				GCC_WARN_UNUSED_FUNCTION = YES;
				GCC_WARN_UNUSED_VARIABLE = YES;
				IPHONEOS_DEPLOYMENT_TARGET = 14.3;
				MTL_ENABLE_DEBUG_INFO = INCLUDE_SOURCE;
				MTL_FAST_MATH = YES;
				ONLY_ACTIVE_ARCH = YES;
				SDKROOT = iphoneos;
				SWIFT_ACTIVE_COMPILATION_CONDITIONS = DEBUG;
				SWIFT_OPTIMIZATION_LEVEL = "-Onone";
			};
			name = Debug;
		};
		A5A5B95225DA85D600F61A26 /* Release */ = {
			isa = XCBuildConfiguration;
			buildSettings = {
				ALWAYS_SEARCH_USER_PATHS = NO;
				CLANG_ANALYZER_NONNULL = YES;
				CLANG_ANALYZER_NUMBER_OBJECT_CONVERSION = YES_AGGRESSIVE;
				CLANG_CXX_LANGUAGE_STANDARD = "gnu++14";
				CLANG_CXX_LIBRARY = "libc++";
				CLANG_ENABLE_MODULES = YES;
				CLANG_ENABLE_OBJC_ARC = YES;
				CLANG_ENABLE_OBJC_WEAK = YES;
				CLANG_WARN_BLOCK_CAPTURE_AUTORELEASING = YES;
				CLANG_WARN_BOOL_CONVERSION = YES;
				CLANG_WARN_COMMA = YES;
				CLANG_WARN_CONSTANT_CONVERSION = YES;
				CLANG_WARN_DEPRECATED_OBJC_IMPLEMENTATIONS = YES;
				CLANG_WARN_DIRECT_OBJC_ISA_USAGE = YES_ERROR;
				CLANG_WARN_DOCUMENTATION_COMMENTS = YES;
				CLANG_WARN_EMPTY_BODY = YES;
				CLANG_WARN_ENUM_CONVERSION = YES;
				CLANG_WARN_INFINITE_RECURSION = YES;
				CLANG_WARN_INT_CONVERSION = YES;
				CLANG_WARN_NON_LITERAL_NULL_CONVERSION = YES;
				CLANG_WARN_OBJC_IMPLICIT_RETAIN_SELF = YES;
				CLANG_WARN_OBJC_LITERAL_CONVERSION = YES;
				CLANG_WARN_OBJC_ROOT_CLASS = YES_ERROR;
				CLANG_WARN_QUOTED_INCLUDE_IN_FRAMEWORK_HEADER = YES;
				CLANG_WARN_RANGE_LOOP_ANALYSIS = YES;
				CLANG_WARN_STRICT_PROTOTYPES = YES;
				CLANG_WARN_SUSPICIOUS_MOVE = YES;
				CLANG_WARN_UNGUARDED_AVAILABILITY = YES_AGGRESSIVE;
				CLANG_WARN_UNREACHABLE_CODE = YES;
				CLANG_WARN__DUPLICATE_METHOD_MATCH = YES;
				COPY_PHASE_STRIP = NO;
				DEBUG_INFORMATION_FORMAT = "dwarf-with-dsym";
				ENABLE_NS_ASSERTIONS = NO;
				ENABLE_STRICT_OBJC_MSGSEND = YES;
				GCC_C_LANGUAGE_STANDARD = gnu11;
				GCC_NO_COMMON_BLOCKS = YES;
				GCC_WARN_64_TO_32_BIT_CONVERSION = YES;
				GCC_WARN_ABOUT_RETURN_TYPE = YES_ERROR;
				GCC_WARN_UNDECLARED_SELECTOR = YES;
				GCC_WARN_UNINITIALIZED_AUTOS = YES_AGGRESSIVE;
				GCC_WARN_UNUSED_FUNCTION = YES;
				GCC_WARN_UNUSED_VARIABLE = YES;
				IPHONEOS_DEPLOYMENT_TARGET = 14.3;
				MTL_ENABLE_DEBUG_INFO = NO;
				MTL_FAST_MATH = YES;
				SDKROOT = iphoneos;
				SWIFT_COMPILATION_MODE = wholemodule;
				SWIFT_OPTIMIZATION_LEVEL = "-O";
				VALIDATE_PRODUCT = YES;
			};
			name = Release;
		};
		A5A5B95425DA85D600F61A26 /* Debug */ = {
			isa = XCBuildConfiguration;
			baseConfigurationReference = 8F735FE4C435B1211CF7DA1E /* Pods-ChatApp.debug.xcconfig */;
			buildSettings = {
				ASSETCATALOG_COMPILER_APPICON_NAME = AppIcon;
				ASSETCATALOG_COMPILER_GLOBAL_ACCENT_COLOR_NAME = AccentColor;
				CODE_SIGN_STYLE = Automatic;
				DEVELOPMENT_TEAM = 4D7YJ8BY8H;
				INFOPLIST_FILE = ChatApp/Info.plist;
				IPHONEOS_DEPLOYMENT_TARGET = 12.4;
				LD_RUNPATH_SEARCH_PATHS = (
					"$(inherited)",
					"@executable_path/Frameworks",
				);
				PRODUCT_BUNDLE_IDENTIFIER = ru.tinkoff.TinkoffChat;
				PRODUCT_NAME = "$(TARGET_NAME)";
				SWIFT_VERSION = 5.0;
				TARGETED_DEVICE_FAMILY = 1;
			};
			name = Debug;
		};
		A5A5B95525DA85D600F61A26 /* Release */ = {
			isa = XCBuildConfiguration;
			baseConfigurationReference = 0294211437A3180C4DC43F1F /* Pods-ChatApp.release.xcconfig */;
			buildSettings = {
				ASSETCATALOG_COMPILER_APPICON_NAME = AppIcon;
				ASSETCATALOG_COMPILER_GLOBAL_ACCENT_COLOR_NAME = AccentColor;
				CODE_SIGN_STYLE = Automatic;
				DEVELOPMENT_TEAM = 4D7YJ8BY8H;
				INFOPLIST_FILE = ChatApp/Info.plist;
				IPHONEOS_DEPLOYMENT_TARGET = 12.4;
				LD_RUNPATH_SEARCH_PATHS = (
					"$(inherited)",
					"@executable_path/Frameworks",
				);
				PRODUCT_BUNDLE_IDENTIFIER = ru.tinkoff.TinkoffChat;
				PRODUCT_NAME = "$(TARGET_NAME)";
				SWIFT_VERSION = 5.0;
				TARGETED_DEVICE_FAMILY = 1;
			};
			name = Release;
		};
/* End XCBuildConfiguration section */

/* Begin XCConfigurationList section */
		A5A5B93A25DA85D500F61A26 /* Build configuration list for PBXProject "ChatApp" */ = {
			isa = XCConfigurationList;
			buildConfigurations = (
				A5A5B95125DA85D600F61A26 /* Debug */,
				A5A5B95225DA85D600F61A26 /* Release */,
			);
			defaultConfigurationIsVisible = 0;
			defaultConfigurationName = Release;
		};
		A5A5B95325DA85D600F61A26 /* Build configuration list for PBXNativeTarget "ChatApp" */ = {
			isa = XCConfigurationList;
			buildConfigurations = (
				A5A5B95425DA85D600F61A26 /* Debug */,
				A5A5B95525DA85D600F61A26 /* Release */,
			);
			defaultConfigurationIsVisible = 0;
			defaultConfigurationName = Release;
		};
/* End XCConfigurationList section */

/* Begin XCVersionGroup section */
		A5484D4526136E77008AF909 /* Chat.xcdatamodeld */ = {
			isa = XCVersionGroup;
			children = (
				A5484D4626136E77008AF909 /* Chat.xcdatamodel */,
			);
			currentVersion = A5484D4626136E77008AF909 /* Chat.xcdatamodel */;
			path = Chat.xcdatamodeld;
			sourceTree = "<group>";
			versionGroupType = wrapper.xcdatamodel;
		};
/* End XCVersionGroup section */
	};
	rootObject = A5A5B93725DA85D500F61A26 /* Project object */;
}
